
Microsoft Visual Studio Solution File, Format Version 12.00
# Visual Studio Version 16
VisualStudioVersion = 16.0.30611.23
MinimumVisualStudioVersion = 10.0.40219.1
Project("{9A19103F-16F7-4668-BE54-9A1E7A4F7556}") = "ReceitaFederalDataScraping", "ReceitaFederalDataScrapping\ReceitaFederalDataScraping.csproj", "{5AF628A7-D883-4EDB-976F-3BCF59E3A1A5}"
EndProject
Project("{9A19103F-16F7-4668-BE54-9A1E7A4F7556}") = "Testes", "Testes\Testes.csproj", "{60FE76A3-F4D4-44C7-B09A-1AE5DE405BEA}"
EndProject
Global
	GlobalSection(SolutionConfigurationPlatforms) = preSolution
		Debug|Any CPU = Debug|Any CPU
		Release|Any CPU = Release|Any CPU
	EndGlobalSection
	GlobalSection(ProjectConfigurationPlatforms) = postSolution
		{5AF628A7-D883-4EDB-976F-3BCF59E3A1A5}.Debug|Any CPU.ActiveCfg = Debug|Any CPU
		{5AF628A7-D883-4EDB-976F-3BCF59E3A1A5}.Debug|Any CPU.Build.0 = Debug|Any CPU
		{5AF628A7-D883-4EDB-976F-3BCF59E3A1A5}.Release|Any CPU.ActiveCfg = Release|Any CPU
		{5AF628A7-D883-4EDB-976F-3BCF59E3A1A5}.Release|Any CPU.Build.0 = Release|Any CPU
		{60FE76A3-F4D4-44C7-B09A-1AE5DE405BEA}.Debug|Any CPU.ActiveCfg = Debug|Any CPU
		{60FE76A3-F4D4-44C7-B09A-1AE5DE405BEA}.Debug|Any CPU.Build.0 = Debug|Any CPU
		{60FE76A3-F4D4-44C7-B09A-1AE5DE405BEA}.Release|Any CPU.ActiveCfg = Release|Any CPU
		{60FE76A3-F4D4-44C7-B09A-1AE5DE405BEA}.Release|Any CPU.Build.0 = Release|Any CPU
	EndGlobalSection
	GlobalSection(SolutionProperties) = preSolution
		HideSolutionNode = FALSE
	EndGlobalSection
	GlobalSection(ExtensibilityGlobals) = postSolution
		SolutionGuid = {869C2EAB-5027-44E2-84AE-0BFADE581181}
	EndGlobalSection
EndGlobal
